
Microsoft Visual Studio Solution File, Format Version 12.00
Project("{FAE04EC0-301F-11D3-BF4B-00C04F79EFBC}") = "Runner", "Runner\Runner.csproj", "{96729D7F-A0C9-4A27-801C-83D9E553DE64}"
EndProject
Project("{FAE04EC0-301F-11D3-BF4B-00C04F79EFBC}") = "DocumentIndexer", "DocumentIndexer\DocumentIndexer.csproj", "{D10B0BAB-5F7F-4D4E-B485-2D3603106912}"
EndProject
Global
	GlobalSection(SolutionConfigurationPlatforms) = preSolution
		Debug|Any CPU = Debug|Any CPU
		Release|Any CPU = Release|Any CPU
	EndGlobalSection
	GlobalSection(ProjectConfigurationPlatforms) = postSolution
		{96729D7F-A0C9-4A27-801C-83D9E553DE64}.Debug|Any CPU.ActiveCfg = Debug|Any CPU
		{96729D7F-A0C9-4A27-801C-83D9E553DE64}.Debug|Any CPU.Build.0 = Debug|Any CPU
		{96729D7F-A0C9-4A27-801C-83D9E553DE64}.Release|Any CPU.ActiveCfg = Release|Any CPU
		{96729D7F-A0C9-4A27-801C-83D9E553DE64}.Release|Any CPU.Build.0 = Release|Any CPU
		{D10B0BAB-5F7F-4D4E-B485-2D3603106912}.Debug|Any CPU.ActiveCfg = Debug|Any CPU
		{D10B0BAB-5F7F-4D4E-B485-2D3603106912}.Debug|Any CPU.Build.0 = Debug|Any CPU
		{D10B0BAB-5F7F-4D4E-B485-2D3603106912}.Release|Any CPU.ActiveCfg = Release|Any CPU
		{D10B0BAB-5F7F-4D4E-B485-2D3603106912}.Release|Any CPU.Build.0 = Release|Any CPU
	EndGlobalSection
EndGlobal
